
Microsoft Visual Studio Solution File, Format Version 12.00
# Visual Studio Version 16
VisualStudioVersion = 16.0.29709.97
MinimumVisualStudioVersion = 10.0.40219.1
Project("{FAE04EC0-301F-11D3-BF4B-00C04F79EFBC}") = "Voca", "Voca\Voca.csproj", "{48FB397D-8D49-49AA-A7B4-AD1F0D344BB8}"
EndProject
Global
	GlobalSection(SolutionConfigurationPlatforms) = preSolution
		Debug|Any CPU = Debug|Any CPU
		Release|Any CPU = Release|Any CPU
	EndGlobalSection
	GlobalSection(ProjectConfigurationPlatforms) = postSolution
		{48FB397D-8D49-49AA-A7B4-AD1F0D344BB8}.Debug|Any CPU.ActiveCfg = Debug|Any CPU
		{48FB397D-8D49-49AA-A7B4-AD1F0D344BB8}.Debug|Any CPU.Build.0 = Debug|Any CPU
		{48FB397D-8D49-49AA-A7B4-AD1F0D344BB8}.Release|Any CPU.ActiveCfg = Release|Any CPU
		{48FB397D-8D49-49AA-A7B4-AD1F0D344BB8}.Release|Any CPU.Build.0 = Release|Any CPU
	EndGlobalSection
	GlobalSection(SolutionProperties) = preSolution
		HideSolutionNode = FALSE
	EndGlobalSection
	GlobalSection(ExtensibilityGlobals) = postSolution
		SolutionGuid = {C0A67937-479D-4D03-84F7-707B27B2C945}
	EndGlobalSection
EndGlobal
